hash: 3b89f88d7771261dea99f749d97a61d2f7ea5ac2383ab4c26afae95ad7e4e71d
updated: 2018-02-14T16:28:19.416251088-08:00
imports:
- name: github.com/ajeddeloh/go-json
  version: 73d058cf8437a1989030afe571eeab9f90eebbbd
- name: github.com/ajeddeloh/yaml
  version: 6b94386aeefd8c4b8470aee72bfca084c2f91da9
- name: github.com/alecthomas/units
  version: 6b4e7dc5e3143b85ea77909c72caf89416fc2915
- name: github.com/apparentlymart/go-cidr
  version: a3ebdb999b831ecb6ab8a226e31b07b2b9061c47
  subpackages:
  - cidr
- name: github.com/aws/aws-sdk-go
  version: c861d27d0304a79f727e9a8a4e2ac1e74602fdc0
  subpackages:
  - aws
  - aws/awserr
  - aws/awsutil
  - aws/client
  - aws/client/metadata
  - aws/corehandlers
  - aws/credentials
  - aws/credentials/ec2rolecreds
  - aws/credentials/endpointcreds
  - aws/credentials/stscreds
  - aws/defaults
  - aws/ec2metadata
  - aws/endpoints
  - aws/request
  - aws/session
  - aws/signer/v4
  - internal/shareddefaults
  - private/endpoints
  - private/protocol
  - private/protocol/query
  - private/protocol/query/queryutil
  - private/protocol/rest
  - private/protocol/restxml
  - private/protocol/xml/xmlutil
  - private/waiter
  - service/s3
  - service/sts
- name: github.com/bgentry/go-netrc
  version: 9fd32a8b3d3d3f9d43c341bfe098430e07609480
  subpackages:
  - netrc
- name: github.com/coreos/container-linux-config-transpiler
  version: 90d21c6c8e51e38198fd5e6517e961bd7b885832
  subpackages:
  - config
  - config/astyaml
  - config/platform
  - config/templating
  - config/types
  - config/types/util
  - internal/util
- name: github.com/coreos/go-semver
  version: 5e3acbb5668c4c3deb4842615c4098eb61fb6b1e
  subpackages:
  - semver
- name: github.com/coreos/go-systemd
  version: 7c9533367ef925dc1078d75e5b7141e10da2c4e8
  subpackages:
  - dbus
  - unit
- name: github.com/coreos/ignition
  version: fb24b9e03a4e1a573bd86f185c749c59d3606f7a
  subpackages:
  - config/types
  - config/v2_1
  - config/v2_1/types
  - config/validate
  - config/validate/astnode
  - config/validate/report
- name: github.com/davecgh/go-spew
  version: 5215b55f46b2b919f50a1df0eaa5886afe4e3b3d
  subpackages:
  - spew
- name: github.com/go-ini/ini
  version: c787282c39ac1fc618827141a1f762240def08a3
- name: github.com/hashicorp/errwrap
  version: 7554cd9344cec97297fa6649b055a8c98c2a1e55
- name: github.com/hashicorp/go-getter
  version: c3d66e76678dce180a7b452653472f949aedfbcd
  subpackages:
  - helper/url
- name: github.com/hashicorp/go-multierror
  version: ed905158d87462226a13fe39ddf685ea65f1c11f
- name: github.com/hashicorp/go-plugin
  version: f72692aebca2008343a9deb06ddb4b17f7051c15
- name: github.com/hashicorp/go-uuid
  version: 64130c7a86d732268a38cb04cfbaf0cc987fda98
- name: github.com/hashicorp/go-version
  version: 03c5bf6be031b6dd45afec16b1cf94fc8938bc77
- name: github.com/hashicorp/hcl
  version: 630949a3c5fa3c613328e1b8256052cbc2327c9b
  subpackages:
  - hcl/ast
  - hcl/parser
  - hcl/scanner
  - hcl/strconv
  - hcl/token
  - json/parser
  - json/scanner
  - json/token
- name: github.com/hashicorp/hil
  version: 5b8d13c8c5c2753e109fab25392a1dbfa2db93d2
  subpackages:
  - ast
  - parser
  - scanner
- name: github.com/hashicorp/logutils
  version: 0dc08b1671f34c4250ce212759ebd880f743d883
- name: github.com/hashicorp/terraform
  version: 6365269541c8e3150ebe638a5c555e1424071417
  subpackages:
  - config
  - config/module
  - dag
  - flatmap
  - helper/config
  - helper/experiment
  - helper/hashcode
  - helper/hilmapstructure
  - helper/logging
  - helper/resource
  - helper/schema
  - helper/shadow
  - plugin
  - terraform
- name: github.com/hashicorp/yamux
  version: d1caa6c97c9fc1cc9e83bbe34d0603f9ff0ce8bd
- name: github.com/jmespath/go-jmespath
  version: bd40a432e4c76585ef6b72d3fd96fb9b6dc7b68d
- name: github.com/mitchellh/copystructure
  version: f81071c9d77b7931f78c90b416a074ecdc50e959
- name: github.com/mitchellh/go-homedir
  version: b8bc1bf767474819792c23f32d8286a45736f1c6
- name: github.com/mitchellh/hashstructure
  version: ab25296c0f51f1022f01cd99dfb45f1775de8799
- name: github.com/mitchellh/mapstructure
  version: 53818660ed4955e899c0bcafa97299a388bd7c8e
- name: github.com/mitchellh/reflectwalk
  version: 417edcfd99a4d472c262e58f22b4bfe97580f03e
- name: github.com/satori/go.uuid
  version: 5bf94b69c6b68ee1b541973bb8e1144db23a194b
- name: github.com/vincent-petithory/dataurl
  version: 9a301d65acbb728fcc3ace14f45f511a4cfeea9c
testImports: []
